// !$*UTF8*$!
{
	archiveVersion = 1;
	classes = {
	};
	objectVersion = 46;
	objects = {

/* Begin PBXBuildFile section */
		CE5E0CBB1E6BFB02007AE9F0 /* main.m in Sources */ = {isa = PBXBuildFile; fileRef = CE5E0CBA1E6BFB02007AE9F0 /* main.m */; };
		CE5E0CBE1E6BFB02007AE9F0 /* AppDelegate.m in Sources */ = {isa = PBXBuildFile; fileRef = CE5E0CBD1E6BFB02007AE9F0 /* AppDelegate.m */; };
		CE5E0CC11E6BFB02007AE9F0 /* MainViewController.m in Sources */ = {isa = PBXBuildFile; fileRef = CE5E0CC01E6BFB02007AE9F0 /* MainViewController.m */; };
		CE5E0CC41E6BFB02007AE9F0 /* Main.storyboard in Resources */ = {isa = PBXBuildFile; fileRef = CE5E0CC21E6BFB02007AE9F0 /* Main.storyboard */; };
		CE5E0CC61E6BFB02007AE9F0 /* Assets.xcassets in Resources */ = {isa = PBXBuildFile; fileRef = CE5E0CC51E6BFB02007AE9F0 /* Assets.xcassets */; };
		CE5E0CC91E6BFB02007AE9F0 /* LaunchScreen.storyboard in Resources */ = {isa = PBXBuildFile; fileRef = CE5E0CC71E6BFB02007AE9F0 /* LaunchScreen.storyboard */; };
		CE5E0CE21E6C035F007AE9F0 /* ModuleAViewController.m in Sources */ = {isa = PBXBuildFile; fileRef = CE5E0CE11E6C035F007AE9F0 /* ModuleAViewController.m */; };
		CE5E0CE91E6C03F3007AE9F0 /* ModuleBViewController.m in Sources */ = {isa = PBXBuildFile; fileRef = CE5E0CE51E6C03F3007AE9F0 /* ModuleBViewController.m */; };
		CE6B9FFF1E6C05F70092FC8D /* ModuleARootViewController.m in Sources */ = {isa = PBXBuildFile; fileRef = CE6B9FFE1E6C05F70092FC8D /* ModuleARootViewController.m */; };
		CE6BA0091E6C09C20092FC8D /* ModuleBRootViewController.m in Sources */ = {isa = PBXBuildFile; fileRef = CE6BA0081E6C09C20092FC8D /* ModuleBRootViewController.m */; };
		CE6BA00B1E6C0A2A0092FC8D /* router.html in Resources */ = {isa = PBXBuildFile; fileRef = CE6BA00A1E6C0A2A0092FC8D /* router.html */; };
		CEC5992E1E7E2F6600A0F69F /* RouterList.plist in Resources */ = {isa = PBXBuildFile; fileRef = CEC5992D1E7E2F6600A0F69F /* RouterList.plist */; };
		CEC599341E7E38B500A0F69F /* NSObject+PerformSelector.m in Sources */ = {isa = PBXBuildFile; fileRef = CEC599331E7E38B500A0F69F /* NSObject+PerformSelector.m */; };
		CEC599381E7E464000A0F69F /* ModuleBFilter.m in Sources */ = {isa = PBXBuildFile; fileRef = CEC599371E7E464000A0F69F /* ModuleBFilter.m */; };
		CEE692DE1E78142D0047403E /* BaseViewController.m in Sources */ = {isa = PBXBuildFile; fileRef = CEE692DD1E78142D0047403E /* BaseViewController.m */; };
		CEE692E81E7817EA0047403E /* UIViewController+Router.m in Sources */ = {isa = PBXBuildFile; fileRef = CEE692E71E7817EA0047403E /* UIViewController+Router.m */; };
		CEFBA2DE1E7D6E1C00849398 /* EcoRouter.m in Sources */ = {isa = PBXBuildFile; fileRef = CEFBA2DD1E7D6E1C00849398 /* EcoRouter.m */; };
		CEFBA2E21E7D6EF900849398 /* EcoRouterConfigModel.m in Sources */ = {isa = PBXBuildFile; fileRef = CEFBA2E11E7D6EF900849398 /* EcoRouterConfigModel.m */; };
		CEFBA2E51E7D864000849398 /* EcoRouterUrlModel.m in Sources */ = {isa = PBXBuildFile; fileRef = CEFBA2E41E7D864000849398 /* EcoRouterUrlModel.m */; };
		CEFBA2F31E7D9E1600849398 /* ModuleAFilter.m in Sources */ = {isa = PBXBuildFile; fileRef = CEFBA2F21E7D9E1600849398 /* ModuleAFilter.m */; };
		CEFBA2F81E7DA09A00849398 /* EcoBaseRouterFilter.m in Sources */ = {isa = PBXBuildFile; fileRef = CEFBA2F71E7DA09A00849398 /* EcoBaseRouterFilter.m */; };
/* End PBXBuildFile section */

/* Begin PBXFileReference section */
		CE5E0CB61E6BFB02007AE9F0 /* EcoRouterDemo.app */ = {isa = PBXFileReference; explicitFileType = wrapper.application; includeInIndex = 0; path = EcoRouterDemo.app; sourceTree = BUILT_PRODUCTS_DIR; };
		CE5E0CBA1E6BFB02007AE9F0 /* main.m */ = {isa = PBXFileReference; lastKnownFileType = sourcecode.c.objc; path = main.m; sourceTree = "<group>"; };
		CE5E0CBC1E6BFB02007AE9F0 /* AppDelegate.h */ = {isa = PBXFileReference; lastKnownFileType = sourcecode.c.h; path = AppDelegate.h; sourceTree = "<group>"; };
		CE5E0CBD1E6BFB02007AE9F0 /* AppDelegate.m */ = {isa = PBXFileReference; lastKnownFileType = sourcecode.c.objc; path = AppDelegate.m; sourceTree = "<group>"; };
		CE5E0CBF1E6BFB02007AE9F0 /* MainViewController.h */ = {isa = PBXFileReference; lastKnownFileType = sourcecode.c.h; path = MainViewController.h; sourceTree = "<group>"; };
		CE5E0CC01E6BFB02007AE9F0 /* MainViewController.m */ = {isa = PBXFileReference; lastKnownFileType = sourcecode.c.objc; path = MainViewController.m; sourceTree = "<group>"; };
		CE5E0CC31E6BFB02007AE9F0 /* Base */ = {isa = PBXFileReference; lastKnownFileType = file.storyboard; name = Base; path = Base.lproj/Main.storyboard; sourceTree = "<group>"; };
		CE5E0CC51E6BFB02007AE9F0 /* Assets.xcassets */ = {isa = PBXFileReference; lastKnownFileType = folder.assetcatalog; path = Assets.xcassets; sourceTree = "<group>"; };
		CE5E0CC81E6BFB02007AE9F0 /* Base */ = {isa = PBXFileReference; lastKnownFileType = file.storyboard; name = Base; path = Base.lproj/LaunchScreen.storyboard; sourceTree = "<group>"; };
		CE5E0CCA1E6BFB02007AE9F0 /* Info.plist */ = {isa = PBXFileReference; lastKnownFileType = text.plist.xml; path = Info.plist; sourceTree = "<group>"; };
		CE5E0CE01E6C035F007AE9F0 /* ModuleAViewController.h */ = {isa = PBXFileReference; fileEncoding = 4; lastKnownFileType = sourcecode.c.h; path = ModuleAViewController.h; sourceTree = "<group>"; };
		CE5E0CE11E6C035F007AE9F0 /* ModuleAViewController.m */ = {isa = PBXFileReference; fileEncoding = 4; lastKnownFileType = sourcecode.c.objc; path = ModuleAViewController.m; sourceTree = "<group>"; };
		CE5E0CE41E6C03F3007AE9F0 /* ModuleBViewController.h */ = {isa = PBXFileReference; fileEncoding = 4; lastKnownFileType = sourcecode.c.h; path = ModuleBViewController.h; sourceTree = "<group>"; };
		CE5E0CE51E6C03F3007AE9F0 /* ModuleBViewController.m */ = {isa = PBXFileReference; fileEncoding = 4; lastKnownFileType = sourcecode.c.objc; path = ModuleBViewController.m; sourceTree = "<group>"; };
		CE6B9FFD1E6C05F70092FC8D /* ModuleARootViewController.h */ = {isa = PBXFileReference; fileEncoding = 4; lastKnownFileType = sourcecode.c.h; path = ModuleARootViewController.h; sourceTree = "<group>"; };
		CE6B9FFE1E6C05F70092FC8D /* ModuleARootViewController.m */ = {isa = PBXFileReference; fileEncoding = 4; lastKnownFileType = sourcecode.c.objc; path = ModuleARootViewController.m; sourceTree = "<group>"; };
		CE6BA0071E6C09C20092FC8D /* ModuleBRootViewController.h */ = {isa = PBXFileReference; fileEncoding = 4; lastKnownFileType = sourcecode.c.h; path = ModuleBRootViewController.h; sourceTree = "<group>"; };
		CE6BA0081E6C09C20092FC8D /* ModuleBRootViewController.m */ = {isa = PBXFileReference; fileEncoding = 4; lastKnownFileType = sourcecode.c.objc; path = ModuleBRootViewController.m; sourceTree = "<group>"; };
		CE6BA00A1E6C0A2A0092FC8D /* router.html */ = {isa = PBXFileReference; fileEncoding = 4; lastKnownFileType = text.html; path = router.html; sourceTree = "<group>"; };
		CEC5992D1E7E2F6600A0F69F /* RouterList.plist */ = {isa = PBXFileReference; fileEncoding = 4; lastKnownFileType = text.plist.xml; path = RouterList.plist; sourceTree = "<group>"; };
		CEC599321E7E38B500A0F69F /* NSObject+PerformSelector.h */ = {isa = PBXFileReference; fileEncoding = 4; lastKnownFileType = sourcecode.c.h; path = "NSObject+PerformSelector.h"; sourceTree = "<group>"; };
		CEC599331E7E38B500A0F69F /* NSObject+PerformSelector.m */ = {isa = PBXFileReference; fileEncoding = 4; lastKnownFileType = sourcecode.c.objc; path = "NSObject+PerformSelector.m"; sourceTree = "<group>"; };
		CEC599361E7E464000A0F69F /* ModuleBFilter.h */ = {isa = PBXFileReference; fileEncoding = 4; lastKnownFileType = sourcecode.c.h; path = ModuleBFilter.h; sourceTree = "<group>"; };
		CEC599371E7E464000A0F69F /* ModuleBFilter.m */ = {isa = PBXFileReference; fileEncoding = 4; lastKnownFileType = sourcecode.c.objc; path = ModuleBFilter.m; sourceTree = "<group>"; };
		CEC5993A1E7E8CD000A0F69F /* EcoRouterExceptionProtocol.h */ = {isa = PBXFileReference; fileEncoding = 4; lastKnownFileType = sourcecode.c.h; path = EcoRouterExceptionProtocol.h; sourceTree = "<group>"; };
		CEE692DC1E78142D0047403E /* BaseViewController.h */ = {isa = PBXFileReference; fileEncoding = 4; lastKnownFileType = sourcecode.c.h; path = BaseViewController.h; sourceTree = "<group>"; };
		CEE692DD1E78142D0047403E /* BaseViewController.m */ = {isa = PBXFileReference; fileEncoding = 4; lastKnownFileType = sourcecode.c.objc; path = BaseViewController.m; sourceTree = "<group>"; };
		CEE692E61E7817EA0047403E /* UIViewController+Router.h */ = {isa = PBXFileReference; fileEncoding = 4; lastKnownFileType = sourcecode.c.h; path = "UIViewController+Router.h"; sourceTree = "<group>"; };
		CEE692E71E7817EA0047403E /* UIViewController+Router.m */ = {isa = PBXFileReference; fileEncoding = 4; lastKnownFileType = sourcecode.c.objc; path = "UIViewController+Router.m"; sourceTree = "<group>"; };
		CEFBA2DC1E7D6E1C00849398 /* EcoRouter.h */ = {isa = PBXFileReference; fileEncoding = 4; lastKnownFileType = sourcecode.c.h; path = EcoRouter.h; sourceTree = "<group>"; };
		CEFBA2DD1E7D6E1C00849398 /* EcoRouter.m */ = {isa = PBXFileReference; fileEncoding = 4; lastKnownFileType = sourcecode.c.objc; path = EcoRouter.m; sourceTree = "<group>"; };
		CEFBA2E01E7D6EF900849398 /* EcoRouterConfigModel.h */ = {isa = PBXFileReference; fileEncoding = 4; lastKnownFileType = sourcecode.c.h; path = EcoRouterConfigModel.h; sourceTree = "<group>"; };
		CEFBA2E11E7D6EF900849398 /* EcoRouterConfigModel.m */ = {isa = PBXFileReference; fileEncoding = 4; lastKnownFileType = sourcecode.c.objc; path = EcoRouterConfigModel.m; sourceTree = "<group>"; };
		CEFBA2E31E7D864000849398 /* EcoRouterUrlModel.h */ = {isa = PBXFileReference; fileEncoding = 4; lastKnownFileType = sourcecode.c.h; path = EcoRouterUrlModel.h; sourceTree = "<group>"; };
		CEFBA2E41E7D864000849398 /* EcoRouterUrlModel.m */ = {isa = PBXFileReference; fileEncoding = 4; lastKnownFileType = sourcecode.c.objc; path = EcoRouterUrlModel.m; sourceTree = "<group>"; };
		CEFBA2F11E7D9E1600849398 /* ModuleAFilter.h */ = {isa = PBXFileReference; fileEncoding = 4; lastKnownFileType = sourcecode.c.h; path = ModuleAFilter.h; sourceTree = "<group>"; };
		CEFBA2F21E7D9E1600849398 /* ModuleAFilter.m */ = {isa = PBXFileReference; fileEncoding = 4; lastKnownFileType = sourcecode.c.objc; path = ModuleAFilter.m; sourceTree = "<group>"; };
		CEFBA2F61E7DA09A00849398 /* EcoBaseRouterFilter.h */ = {isa = PBXFileReference; fileEncoding = 4; lastKnownFileType = sourcecode.c.h; path = EcoBaseRouterFilter.h; sourceTree = "<group>"; };
		CEFBA2F71E7DA09A00849398 /* EcoBaseRouterFilter.m */ = {isa = PBXFileReference; fileEncoding = 4; lastKnownFileType = sourcecode.c.objc; path = EcoBaseRouterFilter.m; sourceTree = "<group>"; };
/* End PBXFileReference section */

/* Begin PBXFrameworksBuildPhase section */
		CE5E0CB31E6BFB02007AE9F0 /* Frameworks */ = {
			isa = PBXFrameworksBuildPhase;
			buildActionMask = 2147483647;
			files = (
			);
			runOnlyForDeploymentPostprocessing = 0;
		};
/* End PBXFrameworksBuildPhase section */

/* Begin PBXGroup section */
		CE5E0CAD1E6BFB02007AE9F0 = {
			isa = PBXGroup;
			children = (
				CE5E0CB81E6BFB02007AE9F0 /* EcoRouterDemo */,
				CE5E0CB71E6BFB02007AE9F0 /* Products */,
			);
			sourceTree = "<group>";
		};
		CE5E0CB71E6BFB02007AE9F0 /* Products */ = {
			isa = PBXGroup;
			children = (
				CE5E0CB61E6BFB02007AE9F0 /* EcoRouterDemo.app */,
			);
			name = Products;
			sourceTree = "<group>";
		};
		CE5E0CB81E6BFB02007AE9F0 /* EcoRouterDemo */ = {
			isa = PBXGroup;
			children = (
				CE5E0CBC1E6BFB02007AE9F0 /* AppDelegate.h */,
				CE5E0CBD1E6BFB02007AE9F0 /* AppDelegate.m */,
				CE5E0CBF1E6BFB02007AE9F0 /* MainViewController.h */,
				CE5E0CC01E6BFB02007AE9F0 /* MainViewController.m */,
				CE6BA00A1E6C0A2A0092FC8D /* router.html */,
				CE5E0CD01E6BFB68007AE9F0 /* Common */,
				CE5E0CD21E6BFB68007AE9F0 /* ModuleA */,
				CE5E0CD31E6BFB68007AE9F0 /* ModuleB */,
				CE5E0CC21E6BFB02007AE9F0 /* Main.storyboard */,
				CE5E0CC51E6BFB02007AE9F0 /* Assets.xcassets */,
				CE5E0CC71E6BFB02007AE9F0 /* LaunchScreen.storyboard */,
				CE5E0CCA1E6BFB02007AE9F0 /* Info.plist */,
				CE5E0CB91E6BFB02007AE9F0 /* Supporting Files */,
			);
			path = EcoRouterDemo;
			sourceTree = "<group>";
		};
		CE5E0CB91E6BFB02007AE9F0 /* Supporting Files */ = {
			isa = PBXGroup;
			children = (
				CE5E0CBA1E6BFB02007AE9F0 /* main.m */,
			);
			name = "Supporting Files";
			sourceTree = "<group>";
		};
		CE5E0CD01E6BFB68007AE9F0 /* Common */ = {
			isa = PBXGroup;
			children = (
				CEE692DB1E78142D0047403E /* BaseViewController */,
				CE5E0CD11E6BFB68007AE9F0 /* Router */,
			);
			path = Common;
			sourceTree = "<group>";
		};
		CE5E0CD11E6BFB68007AE9F0 /* Router */ = {
			isa = PBXGroup;
			children = (
				CEE692E51E7817DE0047403E /* Category */,
				CEFBA2E61E7D9B6C00849398 /* RouterList */,
				CEFBA2DF1E7D6E4300849398 /* Model */,
				CEFBA2F51E7DA09A00849398 /* Filter */,
				CEC599391E7E8CAA00A0F69F /* Protocol */,
				CEFBA2DC1E7D6E1C00849398 /* EcoRouter.h */,
				CEFBA2DD1E7D6E1C00849398 /* EcoRouter.m */,
			);
			path = Router;
			sourceTree = "<group>";
		};
		CE5E0CD21E6BFB68007AE9F0 /* ModuleA */ = {
			isa = PBXGroup;
			children = (
				CEFBA2F01E7D9D9B00849398 /* Filter */,
				CE5E0CDD1E6C02BA007AE9F0 /* View */,
				CE5E0CDB1E6C02BA007AE9F0 /* Controllers */,
			);
			path = ModuleA;
			sourceTree = "<group>";
		};
		CE5E0CD31E6BFB68007AE9F0 /* ModuleB */ = {
			isa = PBXGroup;
			children = (
				CEC599351E7E460D00A0F69F /* Filter */,
				CE5E0CE81E6C03F3007AE9F0 /* View */,
				CE5E0CE31E6C03F3007AE9F0 /* Controllers */,
			);
			path = ModuleB;
			sourceTree = "<group>";
		};
		CE5E0CDB1E6C02BA007AE9F0 /* Controllers */ = {
			isa = PBXGroup;
			children = (
				CE5E0CE01E6C035F007AE9F0 /* ModuleAViewController.h */,
				CE5E0CE11E6C035F007AE9F0 /* ModuleAViewController.m */,
				CE6B9FFD1E6C05F70092FC8D /* ModuleARootViewController.h */,
				CE6B9FFE1E6C05F70092FC8D /* ModuleARootViewController.m */,
			);
			path = Controllers;
			sourceTree = "<group>";
		};
		CE5E0CDD1E6C02BA007AE9F0 /* View */ = {
			isa = PBXGroup;
			children = (
			);
			path = View;
			sourceTree = "<group>";
		};
		CE5E0CE31E6C03F3007AE9F0 /* Controllers */ = {
			isa = PBXGroup;
			children = (
				CE5E0CE41E6C03F3007AE9F0 /* ModuleBViewController.h */,
				CE5E0CE51E6C03F3007AE9F0 /* ModuleBViewController.m */,
				CE6BA0071E6C09C20092FC8D /* ModuleBRootViewController.h */,
				CE6BA0081E6C09C20092FC8D /* ModuleBRootViewController.m */,
			);
			path = Controllers;
			sourceTree = "<group>";
		};
		CE5E0CE81E6C03F3007AE9F0 /* View */ = {
			isa = PBXGroup;
			children = (
			);
			path = View;
			sourceTree = "<group>";
		};
		CEC599351E7E460D00A0F69F /* Filter */ = {
			isa = PBXGroup;
			children = (
				CEC599361E7E464000A0F69F /* ModuleBFilter.h */,
				CEC599371E7E464000A0F69F /* ModuleBFilter.m */,
			);
			path = Filter;
			sourceTree = "<group>";
		};
		CEC599391E7E8CAA00A0F69F /* Protocol */ = {
			isa = PBXGroup;
			children = (
				CEC5993A1E7E8CD000A0F69F /* EcoRouterExceptionProtocol.h */,
			);
			path = Protocol;
			sourceTree = "<group>";
		};
		CEE692DB1E78142D0047403E /* BaseViewController */ = {
			isa = PBXGroup;
			children = (
				CEE692DC1E78142D0047403E /* BaseViewController.h */,
				CEE692DD1E78142D0047403E /* BaseViewController.m */,
			);
			path = BaseViewController;
			sourceTree = "<group>";
		};
		CEE692E51E7817DE0047403E /* Category */ = {
			isa = PBXGroup;
			children = (
				CEC599321E7E38B500A0F69F /* NSObject+PerformSelector.h */,
				CEC599331E7E38B500A0F69F /* NSObject+PerformSelector.m */,
				CEE692E61E7817EA0047403E /* UIViewController+Router.h */,
				CEE692E71E7817EA0047403E /* UIViewController+Router.m */,
			);
			path = Category;
			sourceTree = "<group>";
		};
		CEFBA2DF1E7D6E4300849398 /* Model */ = {
			isa = PBXGroup;
			children = (
				CEFBA2E01E7D6EF900849398 /* EcoRouterConfigModel.h */,
				CEFBA2E11E7D6EF900849398 /* EcoRouterConfigModel.m */,
				CEFBA2E31E7D864000849398 /* EcoRouterUrlModel.h */,
				CEFBA2E41E7D864000849398 /* EcoRouterUrlModel.m */,
			);
			path = Model;
			sourceTree = "<group>";
		};
		CEFBA2E61E7D9B6C00849398 /* RouterList */ = {
			isa = PBXGroup;
			children = (
				CEC5992D1E7E2F6600A0F69F /* RouterList.plist */,
			);
			path = RouterList;
			sourceTree = "<group>";
		};
		CEFBA2F01E7D9D9B00849398 /* Filter */ = {
			isa = PBXGroup;
			children = (
				CEFBA2F11E7D9E1600849398 /* ModuleAFilter.h */,
				CEFBA2F21E7D9E1600849398 /* ModuleAFilter.m */,
			);
			path = Filter;
			sourceTree = "<group>";
		};
		CEFBA2F51E7DA09A00849398 /* Filter */ = {
			isa = PBXGroup;
			children = (
				CEFBA2F61E7DA09A00849398 /* EcoBaseRouterFilter.h */,
				CEFBA2F71E7DA09A00849398 /* EcoBaseRouterFilter.m */,
			);
			path = Filter;
			sourceTree = "<group>";
		};
/* End PBXGroup section */

/* Begin PBXNativeTarget section */
		CE5E0CB51E6BFB02007AE9F0 /* EcoRouterDemo */ = {
			isa = PBXNativeTarget;
			buildConfigurationList = CE5E0CCD1E6BFB02007AE9F0 /* Build configuration list for PBXNativeTarget "EcoRouterDemo" */;
			buildPhases = (
				CE5E0CB21E6BFB02007AE9F0 /* Sources */,
				CE5E0CB31E6BFB02007AE9F0 /* Frameworks */,
				CE5E0CB41E6BFB02007AE9F0 /* Resources */,
			);
			buildRules = (
			);
			dependencies = (
			);
			name = EcoRouterDemo;
			productName = EcoRouterDemo;
			productReference = CE5E0CB61E6BFB02007AE9F0 /* EcoRouterDemo.app */;
			productType = "com.apple.product-type.application";
		};
/* End PBXNativeTarget section */

/* Begin PBXProject section */
		CE5E0CAE1E6BFB02007AE9F0 /* Project object */ = {
			isa = PBXProject;
			attributes = {
				LastUpgradeCheck = 0820;
				ORGANIZATIONNAME = chenlei;
				TargetAttributes = {
					CE5E0CB51E6BFB02007AE9F0 = {
						CreatedOnToolsVersion = 8.2.1;
						DevelopmentTeam = GZ2Z9VW8AJ;
						ProvisioningStyle = Automatic;
					};
				};
			};
			buildConfigurationList = CE5E0CB11E6BFB02007AE9F0 /* Build configuration list for PBXProject "EcoRouterDemo" */;
			compatibilityVersion = "Xcode 3.2";
			developmentRegion = English;
			hasScannedForEncodings = 0;
			knownRegions = (
				en,
				Base,
			);
			mainGroup = CE5E0CAD1E6BFB02007AE9F0;
			productRefGroup = CE5E0CB71E6BFB02007AE9F0 /* Products */;
			projectDirPath = "";
			projectRoot = "";
			targets = (
				CE5E0CB51E6BFB02007AE9F0 /* EcoRouterDemo */,
			);
		};
/* End PBXProject section */

/* Begin PBXResourcesBuildPhase section */
		CE5E0CB41E6BFB02007AE9F0 /* Resources */ = {
			isa = PBXResourcesBuildPhase;
			buildActionMask = 2147483647;
			files = (
				CE5E0CC91E6BFB02007AE9F0 /* LaunchScreen.storyboard in Resources */,
				CEC5992E1E7E2F6600A0F69F /* RouterList.plist in Resources */,
				CE5E0CC61E6BFB02007AE9F0 /* Assets.xcassets in Resources */,
				CE6BA00B1E6C0A2A0092FC8D /* router.html in Resources */,
				CE5E0CC41E6BFB02007AE9F0 /* Main.storyboard in Resources */,
			);
			runOnlyForDeploymentPostprocessing = 0;
		};
/* End PBXResourcesBuildPhase section */

/* Begin PBXSourcesBuildPhase section */
		CE5E0CB21E6BFB02007AE9F0 /* Sources */ = {
			isa = PBXSourcesBuildPhase;
			buildActionMask = 2147483647;
			files = (
				CEFBA2DE1E7D6E1C00849398 /* EcoRouter.m in Sources */,
				CE6B9FFF1E6C05F70092FC8D /* ModuleARootViewController.m in Sources */,
				CEE692E81E7817EA0047403E /* UIViewController+Router.m in Sources */,
				CEE692DE1E78142D0047403E /* BaseViewController.m in Sources */,
				CEFBA2F31E7D9E1600849398 /* ModuleAFilter.m in Sources */,
				CE5E0CC11E6BFB02007AE9F0 /* MainViewController.m in Sources */,
				CE5E0CE91E6C03F3007AE9F0 /* ModuleBViewController.m in Sources */,
				CEFBA2E21E7D6EF900849398 /* EcoRouterConfigModel.m in Sources */,
				CEC599381E7E464000A0F69F /* ModuleBFilter.m in Sources */,
				CE5E0CE21E6C035F007AE9F0 /* ModuleAViewController.m in Sources */,
				CEFBA2F81E7DA09A00849398 /* EcoBaseRouterFilter.m in Sources */,
				CE5E0CBE1E6BFB02007AE9F0 /* AppDelegate.m in Sources */,
				CE5E0CBB1E6BFB02007AE9F0 /* main.m in Sources */,
				CE6BA0091E6C09C20092FC8D /* ModuleBRootViewController.m in Sources */,
				CEC599341E7E38B500A0F69F /* NSObject+PerformSelector.m in Sources */,
				CEFBA2E51E7D864000849398 /* EcoRouterUrlModel.m in Sources */,
			);
			runOnlyForDeploymentPostprocessing = 0;
		};
/* End PBXSourcesBuildPhase section */

/* Begin PBXVariantGroup section */
		CE5E0CC21E6BFB02007AE9F0 /* Main.storyboard */ = {
			isa = PBXVariantGroup;
			children = (
				CE5E0CC31E6BFB02007AE9F0 /* Base */,
			);
			name = Main.storyboard;
			sourceTree = "<group>";
		};
		CE5E0CC71E6BFB02007AE9F0 /* LaunchScreen.storyboard */ = {
			isa = PBXVariantGroup;
			children = (
				CE5E0CC81E6BFB02007AE9F0 /* Base */,
			);
			name = LaunchScreen.storyboard;
			sourceTree = "<group>";
		};
/* End PBXVariantGroup section */

/* Begin XCBuildConfiguration section */
		CE5E0CCB1E6BFB02007AE9F0 /* Debug */ = {
			isa = XCBuildConfiguration;
			buildSettings = {
				ALWAYS_SEARCH_USER_PATHS = NO;
				CLANG_ANALYZER_NONNULL = YES;
				CLANG_CXX_LANGUAGE_STANDARD = "gnu++0x";
				CLANG_CXX_LIBRARY = "libc++";
				CLANG_ENABLE_MODULES = YES;
				CLANG_ENABLE_OBJC_ARC = YES;
				CLANG_WARN_BOOL_CONVERSION = YES;
				CLANG_WARN_CONSTANT_CONVERSION = YES;
				CLANG_WARN_DIRECT_OBJC_ISA_USAGE = YES_ERROR;
				CLANG_WARN_DOCUMENTATION_COMMENTS = YES;
				CLANG_WARN_EMPTY_BODY = YES;
				CLANG_WARN_ENUM_CONVERSION = YES;
				CLANG_WARN_INFINITE_RECURSION = YES;
				CLANG_WARN_INT_CONVERSION = YES;
				CLANG_WARN_OBJC_ROOT_CLASS = YES_ERROR;
				CLANG_WARN_SUSPICIOUS_MOVE = YES;
				CLANG_WARN_UNREACHABLE_CODE = YES;
				CLANG_WARN__DUPLICATE_METHOD_MATCH = YES;
				"CODE_SIGN_IDENTITY[sdk=iphoneos*]" = "iPhone Developer";
				COPY_PHASE_STRIP = NO;
				DEBUG_INFORMATION_FORMAT = dwarf;
				ENABLE_STRICT_OBJC_MSGSEND = YES;
				ENABLE_TESTABILITY = YES;
				GCC_C_LANGUAGE_STANDARD = gnu99;
				GCC_DYNAMIC_NO_PIC = NO;
				GCC_NO_COMMON_BLOCKS = YES;
				GCC_OPTIMIZATION_LEVEL = 0;
				GCC_PREPROCESSOR_DEFINITIONS = (
					"DEBUG=1",
					"$(inherited)",
				);
				GCC_WARN_64_TO_32_BIT_CONVERSION = YES;
				GCC_WARN_ABOUT_RETURN_TYPE = YES_ERROR;
				GCC_WARN_UNDECLARED_SELECTOR = YES;
				GCC_WARN_UNINITIALIZED_AUTOS = YES_AGGRESSIVE;
				GCC_WARN_UNUSED_FUNCTION = YES;
				GCC_WARN_UNUSED_VARIABLE = YES;
				IPHONEOS_DEPLOYMENT_TARGET = 10.2;
				MTL_ENABLE_DEBUG_INFO = YES;
				ONLY_ACTIVE_ARCH = YES;
				SDKROOT = iphoneos;
			};
			name = Debug;
		};
		CE5E0CCC1E6BFB02007AE9F0 /* Release */ = {
			isa = XCBuildConfiguration;
			buildSettings = {
				ALWAYS_SEARCH_USER_PATHS = NO;
				CLANG_ANALYZER_NONNULL = YES;
				CLANG_CXX_LANGUAGE_STANDARD = "gnu++0x";
				CLANG_CXX_LIBRARY = "libc++";
				CLANG_ENABLE_MODULES = YES;
				CLANG_ENABLE_OBJC_ARC = YES;
				CLANG_WARN_BOOL_CONVERSION = YES;
				CLANG_WARN_CONSTANT_CONVERSION = YES;
				CLANG_WARN_DIRECT_OBJC_ISA_USAGE = YES_ERROR;
				CLANG_WARN_DOCUMENTATION_COMMENTS = YES;
				CLANG_WARN_EMPTY_BODY = YES;
				CLANG_WARN_ENUM_CONVERSION = YES;
				CLANG_WARN_INFINITE_RECURSION = YES;
				CLANG_WARN_INT_CONVERSION = YES;
				CLANG_WARN_OBJC_ROOT_CLASS = YES_ERROR;
				CLANG_WARN_SUSPICIOUS_MOVE = YES;
				CLANG_WARN_UNREACHABLE_CODE = YES;
				CLANG_WARN__DUPLICATE_METHOD_MATCH = YES;
				"CODE_SIGN_IDENTITY[sdk=iphoneos*]" = "iPhone Developer";
				COPY_PHASE_STRIP = NO;
				DEBUG_INFORMATION_FORMAT = "dwarf-with-dsym";
				ENABLE_NS_ASSERTIONS = NO;
				ENABLE_STRICT_OBJC_MSGSEND = YES;
				GCC_C_LANGUAGE_STANDARD = gnu99;
				GCC_NO_COMMON_BLOCKS = YES;
				GCC_WARN_64_TO_32_BIT_CONVERSION = YES;
				GCC_WARN_ABOUT_RETURN_TYPE = YES_ERROR;
				GCC_WARN_UNDECLARED_SELECTOR = YES;
				GCC_WARN_UNINITIALIZED_AUTOS = YES_AGGRESSIVE;
				GCC_WARN_UNUSED_FUNCTION = YES;
				GCC_WARN_UNUSED_VARIABLE = YES;
				IPHONEOS_DEPLOYMENT_TARGET = 10.2;
				MTL_ENABLE_DEBUG_INFO = NO;
				SDKROOT = iphoneos;
				VALIDATE_PRODUCT = YES;
			};
			name = Release;
		};
		CE5E0CCE1E6BFB02007AE9F0 /* Debug */ = {
			isa = XCBuildConfiguration;
			buildSettings = {
				ASSETCATALOG_COMPILER_APPICON_NAME = AppIcon;
				DEVELOPMENT_TEAM = GZ2Z9VW8AJ;
				INFOPLIST_FILE = EcoRouterDemo/Info.plist;
				LD_RUNPATH_SEARCH_PATHS = "$(inherited) @executable_path/Frameworks";
				PRODUCT_BUNDLE_IDENTIFIER = com.chenlei.router.EcoRouterDemo;
				PRODUCT_NAME = "$(TARGET_NAME)";
			};
			name = Debug;
		};
		CE5E0CCF1E6BFB02007AE9F0 /* Release */ = {
			isa = XCBuildConfiguration;
			buildSettings = {
				ASSETCATALOG_COMPILER_APPICON_NAME = AppIcon;
				DEVELOPMENT_TEAM = GZ2Z9VW8AJ;
				INFOPLIST_FILE = EcoRouterDemo/Info.plist;
				LD_RUNPATH_SEARCH_PATHS = "$(inherited) @executable_path/Frameworks";
				PRODUCT_BUNDLE_IDENTIFIER = com.chenlei.router.EcoRouterDemo;
				PRODUCT_NAME = "$(TARGET_NAME)";
			};
			name = Release;
		};
/* End XCBuildConfiguration section */

/* Begin XCConfigurationList section */
		CE5E0CB11E6BFB02007AE9F0 /* Build configuration list for PBXProject "EcoRouterDemo" */ = {
			isa = XCConfigurationList;
			buildConfigurations = (
				CE5E0CCB1E6BFB02007AE9F0 /* Debug */,
				CE5E0CCC1E6BFB02007AE9F0 /* Release */,
			);
			defaultConfigurationIsVisible = 0;
			defaultConfigurationName = Release;
		};
		CE5E0CCD1E6BFB02007AE9F0 /* Build configuration list for PBXNativeTarget "EcoRouterDemo" */ = {
			isa = XCConfigurationList;
			buildConfigurations = (
				CE5E0CCE1E6BFB02007AE9F0 /* Debug */,
				CE5E0CCF1E6BFB02007AE9F0 /* Release */,
			);
			defaultConfigurationIsVisible = 0;
			defaultConfigurationName = Release;
		};
/* End XCConfigurationList section */
	};
	rootObject = CE5E0CAE1E6BFB02007AE9F0 /* Project object */;
}
